
Microsoft Visual Studio Solution File, Format Version 12.00
# Visual Studio Version 17
VisualStudioVersion = 17.14.36908.2 d17.14
MinimumVisualStudioVersion = 10.0.40219.1
Project("{FAE04EC0-301F-11D3-BF4B-00C04F79EFBC}") = "TaskManagerApi", "TaskManagerApi.csproj", "{599FEAC5-8A20-40A6-943E-6024BFEF9C08}"
EndProject
Project("{FAE04EC0-301F-11D3-BF4B-00C04F79EFBC}") = "Task.Application", "..\Task.Application\Task.Application.csproj", "{EC7C5825-DF3F-4A4B-A2F1-9592CC87B3E2}"
EndProject
Project("{FAE04EC0-301F-11D3-BF4B-00C04F79EFBC}") = "Task.Communication", "..\Task.Communication\Task.Communication.csproj", "{D19F58A0-E2FD-4C4D-933C-AFABDAEA5C1E}"
EndProject
Global
	GlobalSection(SolutionConfigurationPlatforms) = preSolution
		Debug|Any CPU = Debug|Any CPU
		Release|Any CPU = Release|Any CPU
	EndGlobalSection
	GlobalSection(ProjectConfigurationPlatforms) = postSolution
		{599FEAC5-8A20-40A6-943E-6024BFEF9C08}.Debug|Any CPU.ActiveCfg = Debug|Any CPU
		{599FEAC5-8A20-40A6-943E-6024BFEF9C08}.Debug|Any CPU.Build.0 = Debug|Any CPU
		{599FEAC5-8A20-40A6-943E-6024BFEF9C08}.Release|Any CPU.ActiveCfg = Release|Any CPU
		{599FEAC5-8A20-40A6-943E-6024BFEF9C08}.Release|Any CPU.Build.0 = Release|Any CPU
		{EC7C5825-DF3F-4A4B-A2F1-9592CC87B3E2}.Debug|Any CPU.ActiveCfg = Debug|Any CPU
		{EC7C5825-DF3F-4A4B-A2F1-9592CC87B3E2}.Debug|Any CPU.Build.0 = Debug|Any CPU
		{EC7C5825-DF3F-4A4B-A2F1-9592CC87B3E2}.Release|Any CPU.ActiveCfg = Release|Any CPU
		{EC7C5825-DF3F-4A4B-A2F1-9592CC87B3E2}.Release|Any CPU.Build.0 = Release|Any CPU
		{D19F58A0-E2FD-4C4D-933C-AFABDAEA5C1E}.Debug|Any CPU.ActiveCfg = Debug|Any CPU
		{D19F58A0-E2FD-4C4D-933C-AFABDAEA5C1E}.Debug|Any CPU.Build.0 = Debug|Any CPU
		{D19F58A0-E2FD-4C4D-933C-AFABDAEA5C1E}.Release|Any CPU.ActiveCfg = Release|Any CPU
		{D19F58A0-E2FD-4C4D-933C-AFABDAEA5C1E}.Release|Any CPU.Build.0 = Release|Any CPU
	EndGlobalSection
	GlobalSection(SolutionProperties) = preSolution
		HideSolutionNode = FALSE
	EndGlobalSection
	GlobalSection(ExtensibilityGlobals) = postSolution
		SolutionGuid = {AE51234D-C545-407C-95D9-3F349B32FFB3}
	EndGlobalSection
EndGlobal
